
Microsoft Visual Studio Solution File, Format Version 12.00
# Visual Studio Version 17
VisualStudioVersion = 17.7.34202.233
MinimumVisualStudioVersion = 10.0.40219.1
Project("{9A19103F-16F7-4668-BE54-9A1E7A4F7556}") = "RogueRafting", "RogueRafting\RogueRafting.csproj", "{4BBA4DCB-F5C6-4C80-B0CE-B55681E347CC}"
EndProject
Global
	GlobalSection(SolutionConfigurationPlatforms) = preSolution
		Debug|Any CPU = Debug|Any CPU
		Release|Any CPU = Release|Any CPU
	EndGlobalSection
	GlobalSection(ProjectConfigurationPlatforms) = postSolution
		{4BBA4DCB-F5C6-4C80-B0CE-B55681E347CC}.Debug|Any CPU.ActiveCfg = Debug|Any CPU
		{4BBA4DCB-F5C6-4C80-B0CE-B55681E347CC}.Debug|Any CPU.Build.0 = Debug|Any CPU
		{4BBA4DCB-F5C6-4C80-B0CE-B55681E347CC}.Release|Any CPU.ActiveCfg = Release|Any CPU
		{4BBA4DCB-F5C6-4C80-B0CE-B55681E347CC}.Release|Any CPU.Build.0 = Release|Any CPU
	EndGlobalSection
	GlobalSection(SolutionProperties) = preSolution
		HideSolutionNode = FALSE
	EndGlobalSection
	GlobalSection(ExtensibilityGlobals) = postSolution
		SolutionGuid = {CD90FD85-B6DE-47F8-BCEF-551DF3BBDEE3}
	EndGlobalSection
EndGlobal
